
Microsoft Visual Studio Solution File, Format Version 11.00
# Visual Studio 2010
Project("{2150E333-8FDC-42A3-9474-1A3956D46DE8}") = "misc", "misc", "{1E2C7133-287D-4F4B-8146-144E76977104}"
	ProjectSection(SolutionItems) = preProject
		src\PlumberAssemblyInfo.cs = src\PlumberAssemblyInfo.cs
	EndProjectSection
EndProject
Project("{2150E333-8FDC-42A3-9474-1A3956D46DE8}") = "src", "src", "{1C44C4BE-AE30-478F-918A-A8ABA96CDECB}"
EndProject
Project("{FAE04EC0-301F-11D3-BF4B-00C04F79EFBC}") = "Plumber", "src\Plumber\Plumber.csproj", "{96A60BDD-98EB-4CC8-99CC-EFA5E29772B7}"
EndProject
Project("{FAE04EC0-301F-11D3-BF4B-00C04F79EFBC}") = "Plumber.Http", "src\Plumber.Http\Plumber.Http.csproj", "{CF30E6C9-F78A-4C3D-A95E-1C547D80AA72}"
EndProject
Project("{FAE04EC0-301F-11D3-BF4B-00C04F79EFBC}") = "Plumber.Results", "src\Plumber.Results\Plumber.Results.csproj", "{6CCC4F82-1375-4ED2-8350-32A15EC54EEB}"
EndProject
Project("{2150E333-8FDC-42A3-9474-1A3956D46DE8}") = "samples", "samples", "{89A334BA-AFF0-46D5-ADE9-E31AA325A25F}"
EndProject
Project("{FAE04EC0-301F-11D3-BF4B-00C04F79EFBC}") = "HelloWorld", "samples\HelloWorld\HelloWorld.csproj", "{DF3A5E95-80CA-4A8F-885F-B5AC12BC1209}"
EndProject
Project("{FAE04EC0-301F-11D3-BF4B-00C04F79EFBC}") = "FileServer", "samples\FileServer\FileServer.csproj", "{8A25492B-1083-477C-8316-27D5ED1D3AC7}"
EndProject
Project("{FAE04EC0-301F-11D3-BF4B-00C04F79EFBC}") = "FormData", "samples\FormData\FormData.csproj", "{2C556EA9-259E-49BD-86FC-8C600F2F7C93}"
EndProject
Project("{2150E333-8FDC-42A3-9474-1A3956D46DE8}") = "lib", "lib", "{DF774702-0A3D-403B-B1B7-D4E7F614D695}"
EndProject
Project("{FAE04EC0-301F-11D3-BF4B-00C04F79EFBC}") = "Owin", "lib\owin\src\Owin.csproj", "{F00527A1-ABBA-4620-B8E2-257DDBEEEE0B}"
EndProject
Project("{FAE04EC0-301F-11D3-BF4B-00C04F79EFBC}") = "Kayak", "lib\kayak\Kayak\Kayak.csproj", "{79DDD0CE-6F79-4212-A972-8618AD6E405F}"
EndProject
Global
	GlobalSection(SolutionConfigurationPlatforms) = preSolution
		Debug 4.0|Any CPU = Debug 4.0|Any CPU
		Debug|Any CPU = Debug|Any CPU
		Release 4.0|Any CPU = Release 4.0|Any CPU
		Release|Any CPU = Release|Any CPU
	EndGlobalSection
	GlobalSection(ProjectConfigurationPlatforms) = postSolution
		{96A60BDD-98EB-4CC8-99CC-EFA5E29772B7}.Debug 4.0|Any CPU.ActiveCfg = Debug|Any CPU
		{96A60BDD-98EB-4CC8-99CC-EFA5E29772B7}.Debug 4.0|Any CPU.Build.0 = Debug|Any CPU
		{96A60BDD-98EB-4CC8-99CC-EFA5E29772B7}.Debug|Any CPU.ActiveCfg = Debug|Any CPU
		{96A60BDD-98EB-4CC8-99CC-EFA5E29772B7}.Debug|Any CPU.Build.0 = Debug|Any CPU
		{96A60BDD-98EB-4CC8-99CC-EFA5E29772B7}.Release 4.0|Any CPU.ActiveCfg = Release|Any CPU
		{96A60BDD-98EB-4CC8-99CC-EFA5E29772B7}.Release 4.0|Any CPU.Build.0 = Release|Any CPU
		{96A60BDD-98EB-4CC8-99CC-EFA5E29772B7}.Release|Any CPU.ActiveCfg = Release|Any CPU
		{96A60BDD-98EB-4CC8-99CC-EFA5E29772B7}.Release|Any CPU.Build.0 = Release|Any CPU
		{CF30E6C9-F78A-4C3D-A95E-1C547D80AA72}.Debug 4.0|Any CPU.ActiveCfg = Debug|Any CPU
		{CF30E6C9-F78A-4C3D-A95E-1C547D80AA72}.Debug 4.0|Any CPU.Build.0 = Debug|Any CPU
		{CF30E6C9-F78A-4C3D-A95E-1C547D80AA72}.Debug|Any CPU.ActiveCfg = Debug|Any CPU
		{CF30E6C9-F78A-4C3D-A95E-1C547D80AA72}.Debug|Any CPU.Build.0 = Debug|Any CPU
		{CF30E6C9-F78A-4C3D-A95E-1C547D80AA72}.Release 4.0|Any CPU.ActiveCfg = Release|Any CPU
		{CF30E6C9-F78A-4C3D-A95E-1C547D80AA72}.Release 4.0|Any CPU.Build.0 = Release|Any CPU
		{CF30E6C9-F78A-4C3D-A95E-1C547D80AA72}.Release|Any CPU.ActiveCfg = Release|Any CPU
		{CF30E6C9-F78A-4C3D-A95E-1C547D80AA72}.Release|Any CPU.Build.0 = Release|Any CPU
		{6CCC4F82-1375-4ED2-8350-32A15EC54EEB}.Debug 4.0|Any CPU.ActiveCfg = Debug|Any CPU
		{6CCC4F82-1375-4ED2-8350-32A15EC54EEB}.Debug 4.0|Any CPU.Build.0 = Debug|Any CPU
		{6CCC4F82-1375-4ED2-8350-32A15EC54EEB}.Debug|Any CPU.ActiveCfg = Debug|Any CPU
		{6CCC4F82-1375-4ED2-8350-32A15EC54EEB}.Debug|Any CPU.Build.0 = Debug|Any CPU
		{6CCC4F82-1375-4ED2-8350-32A15EC54EEB}.Release 4.0|Any CPU.ActiveCfg = Release|Any CPU
		{6CCC4F82-1375-4ED2-8350-32A15EC54EEB}.Release 4.0|Any CPU.Build.0 = Release|Any CPU
		{6CCC4F82-1375-4ED2-8350-32A15EC54EEB}.Release|Any CPU.ActiveCfg = Release|Any CPU
		{6CCC4F82-1375-4ED2-8350-32A15EC54EEB}.Release|Any CPU.Build.0 = Release|Any CPU
		{DF3A5E95-80CA-4A8F-885F-B5AC12BC1209}.Debug 4.0|Any CPU.ActiveCfg = Debug|Any CPU
		{DF3A5E95-80CA-4A8F-885F-B5AC12BC1209}.Debug 4.0|Any CPU.Build.0 = Debug|Any CPU
		{DF3A5E95-80CA-4A8F-885F-B5AC12BC1209}.Debug|Any CPU.ActiveCfg = Debug|Any CPU
		{DF3A5E95-80CA-4A8F-885F-B5AC12BC1209}.Debug|Any CPU.Build.0 = Debug|Any CPU
		{DF3A5E95-80CA-4A8F-885F-B5AC12BC1209}.Release 4.0|Any CPU.ActiveCfg = Release|Any CPU
		{DF3A5E95-80CA-4A8F-885F-B5AC12BC1209}.Release 4.0|Any CPU.Build.0 = Release|Any CPU
		{DF3A5E95-80CA-4A8F-885F-B5AC12BC1209}.Release|Any CPU.ActiveCfg = Release|Any CPU
		{DF3A5E95-80CA-4A8F-885F-B5AC12BC1209}.Release|Any CPU.Build.0 = Release|Any CPU
		{8A25492B-1083-477C-8316-27D5ED1D3AC7}.Debug 4.0|Any CPU.ActiveCfg = Debug|Any CPU
		{8A25492B-1083-477C-8316-27D5ED1D3AC7}.Debug 4.0|Any CPU.Build.0 = Debug|Any CPU
		{8A25492B-1083-477C-8316-27D5ED1D3AC7}.Debug|Any CPU.ActiveCfg = Debug|Any CPU
		{8A25492B-1083-477C-8316-27D5ED1D3AC7}.Debug|Any CPU.Build.0 = Debug|Any CPU
		{8A25492B-1083-477C-8316-27D5ED1D3AC7}.Release 4.0|Any CPU.ActiveCfg = Release|Any CPU
		{8A25492B-1083-477C-8316-27D5ED1D3AC7}.Release 4.0|Any CPU.Build.0 = Release|Any CPU
		{8A25492B-1083-477C-8316-27D5ED1D3AC7}.Release|Any CPU.ActiveCfg = Release|Any CPU
		{8A25492B-1083-477C-8316-27D5ED1D3AC7}.Release|Any CPU.Build.0 = Release|Any CPU
		{2C556EA9-259E-49BD-86FC-8C600F2F7C93}.Debug 4.0|Any CPU.ActiveCfg = Debug|Any CPU
		{2C556EA9-259E-49BD-86FC-8C600F2F7C93}.Debug 4.0|Any CPU.Build.0 = Debug|Any CPU
		{2C556EA9-259E-49BD-86FC-8C600F2F7C93}.Debug|Any CPU.ActiveCfg = Debug|Any CPU
		{2C556EA9-259E-49BD-86FC-8C600F2F7C93}.Debug|Any CPU.Build.0 = Debug|Any CPU
		{2C556EA9-259E-49BD-86FC-8C600F2F7C93}.Release 4.0|Any CPU.ActiveCfg = Release|Any CPU
		{2C556EA9-259E-49BD-86FC-8C600F2F7C93}.Release 4.0|Any CPU.Build.0 = Release|Any CPU
		{2C556EA9-259E-49BD-86FC-8C600F2F7C93}.Release|Any CPU.ActiveCfg = Release|Any CPU
		{2C556EA9-259E-49BD-86FC-8C600F2F7C93}.Release|Any CPU.Build.0 = Release|Any CPU
		{F00527A1-ABBA-4620-B8E2-257DDBEEEE0B}.Debug 4.0|Any CPU.ActiveCfg = Debug 4.0|Any CPU
		{F00527A1-ABBA-4620-B8E2-257DDBEEEE0B}.Debug 4.0|Any CPU.Build.0 = Debug 4.0|Any CPU
		{F00527A1-ABBA-4620-B8E2-257DDBEEEE0B}.Debug|Any CPU.ActiveCfg = Debug|Any CPU
		{F00527A1-ABBA-4620-B8E2-257DDBEEEE0B}.Debug|Any CPU.Build.0 = Debug|Any CPU
		{F00527A1-ABBA-4620-B8E2-257DDBEEEE0B}.Release 4.0|Any CPU.ActiveCfg = Release 4.0|Any CPU
		{F00527A1-ABBA-4620-B8E2-257DDBEEEE0B}.Release 4.0|Any CPU.Build.0 = Release 4.0|Any CPU
		{F00527A1-ABBA-4620-B8E2-257DDBEEEE0B}.Release|Any CPU.ActiveCfg = Release|Any CPU
		{F00527A1-ABBA-4620-B8E2-257DDBEEEE0B}.Release|Any CPU.Build.0 = Release|Any CPU
		{79DDD0CE-6F79-4212-A972-8618AD6E405F}.Debug 4.0|Any CPU.ActiveCfg = Debug|Any CPU
		{79DDD0CE-6F79-4212-A972-8618AD6E405F}.Debug 4.0|Any CPU.Build.0 = Debug|Any CPU
		{79DDD0CE-6F79-4212-A972-8618AD6E405F}.Debug|Any CPU.ActiveCfg = Debug|Any CPU
		{79DDD0CE-6F79-4212-A972-8618AD6E405F}.Debug|Any CPU.Build.0 = Debug|Any CPU
		{79DDD0CE-6F79-4212-A972-8618AD6E405F}.Release 4.0|Any CPU.ActiveCfg = Release|Any CPU
		{79DDD0CE-6F79-4212-A972-8618AD6E405F}.Release 4.0|Any CPU.Build.0 = Release|Any CPU
		{79DDD0CE-6F79-4212-A972-8618AD6E405F}.Release|Any CPU.ActiveCfg = Release|Any CPU
		{79DDD0CE-6F79-4212-A972-8618AD6E405F}.Release|Any CPU.Build.0 = Release|Any CPU
	EndGlobalSection
	GlobalSection(SolutionProperties) = preSolution
		HideSolutionNode = FALSE
	EndGlobalSection
	GlobalSection(NestedProjects) = preSolution
		{96A60BDD-98EB-4CC8-99CC-EFA5E29772B7} = {1C44C4BE-AE30-478F-918A-A8ABA96CDECB}
		{CF30E6C9-F78A-4C3D-A95E-1C547D80AA72} = {1C44C4BE-AE30-478F-918A-A8ABA96CDECB}
		{6CCC4F82-1375-4ED2-8350-32A15EC54EEB} = {1C44C4BE-AE30-478F-918A-A8ABA96CDECB}
		{DF3A5E95-80CA-4A8F-885F-B5AC12BC1209} = {89A334BA-AFF0-46D5-ADE9-E31AA325A25F}
		{8A25492B-1083-477C-8316-27D5ED1D3AC7} = {89A334BA-AFF0-46D5-ADE9-E31AA325A25F}
		{2C556EA9-259E-49BD-86FC-8C600F2F7C93} = {89A334BA-AFF0-46D5-ADE9-E31AA325A25F}
		{F00527A1-ABBA-4620-B8E2-257DDBEEEE0B} = {DF774702-0A3D-403B-B1B7-D4E7F614D695}
		{79DDD0CE-6F79-4212-A972-8618AD6E405F} = {DF774702-0A3D-403B-B1B7-D4E7F614D695}
	EndGlobalSection
EndGlobal
