
Microsoft Visual Studio Solution File, Format Version 11.00
# Visual Studio 2010
Project("{2150E333-8FDC-42A3-9474-1A3956D46DE8}") = "misc", "misc", "{1E2C7133-287D-4F4B-8146-144E76977104}"
	ProjectSection(SolutionItems) = preProject
		src\PlumberAssemblyInfo.cs = src\PlumberAssemblyInfo.cs
	EndProjectSection
EndProject
Project("{2150E333-8FDC-42A3-9474-1A3956D46DE8}") = "src", "src", "{1C44C4BE-AE30-478F-918A-A8ABA96CDECB}"
EndProject
Project("{FAE04EC0-301F-11D3-BF4B-00C04F79EFBC}") = "Plumber", "src\Plumber\Plumber.csproj", "{96A60BDD-98EB-4CC8-99CC-EFA5E29772B7}"
EndProject
Project("{2150E333-8FDC-42A3-9474-1A3956D46DE8}") = "samples", "samples", "{89A334BA-AFF0-46D5-ADE9-E31AA325A25F}"
EndProject
Project("{FAE04EC0-301F-11D3-BF4B-00C04F79EFBC}") = "HelloWorld", "samples\HelloWorld\HelloWorld.csproj", "{DF3A5E95-80CA-4A8F-885F-B5AC12BC1209}"
EndProject
Project("{FAE04EC0-301F-11D3-BF4B-00C04F79EFBC}") = "FileServer", "samples\FileServer\FileServer.csproj", "{8A25492B-1083-477C-8316-27D5ED1D3AC7}"
EndProject
Project("{FAE04EC0-301F-11D3-BF4B-00C04F79EFBC}") = "FormData", "samples\FormData\FormData.csproj", "{2C556EA9-259E-49BD-86FC-8C600F2F7C93}"
EndProject
Project("{2150E333-8FDC-42A3-9474-1A3956D46DE8}") = "lib", "lib", "{DF774702-0A3D-403B-B1B7-D4E7F614D695}"
EndProject
Project("{FAE04EC0-301F-11D3-BF4B-00C04F79EFBC}") = "Kayak", "lib\kayak\Kayak\Kayak.csproj", "{79DDD0CE-6F79-4212-A972-8618AD6E405F}"
EndProject
Project("{FAE04EC0-301F-11D3-BF4B-00C04F79EFBC}") = "Plumber.Servers.Kayak", "src\Plumber.Servers.Kayak\Plumber.Servers.Kayak.csproj", "{1469ADE3-649B-4E7B-8772-5C165BB14BE5}"
EndProject
Project("{FAE04EC0-301F-11D3-BF4B-00C04F79EFBC}") = "KayakHelloWorld", "samples\KayakHelloWorld\KayakHelloWorld.csproj", "{AEB73CAF-CE42-45FA-BFA3-3709819D11D1}"
EndProject
Project("{FAE04EC0-301F-11D3-BF4B-00C04F79EFBC}") = "Plumber.Owin", "src\Plumber.Owin\Plumber.Owin.csproj", "{100B55BB-568A-484C-9766-427982315C85}"
EndProject
Project("{FAE04EC0-301F-11D3-BF4B-00C04F79EFBC}") = "OwinHelloWorld", "samples\OwinHelloWorld\OwinHelloWorld.csproj", "{6A2B5FCC-338A-44B1-B7F9-5E4D5B0F855B}"
EndProject
Project("{FAE04EC0-301F-11D3-BF4B-00C04F79EFBC}") = "AspNetHelloWorld", "samples\AspNetHelloWorld\AspNetHelloWorld.csproj", "{054B8E2C-1AED-43BD-92B5-4750FFC13CC5}"
EndProject
Project("{FAE04EC0-301F-11D3-BF4B-00C04F79EFBC}") = "Plumber.Servers.AspNet", "src\Plumber.Servers.AspNet\Plumber.Servers.AspNet.csproj", "{F164F6EE-1753-4023-9A0E-7891CC71B069}"
EndProject
Project("{FAE04EC0-301F-11D3-BF4B-00C04F79EFBC}") = "UrlMapping", "samples\UrlMapping\UrlMapping.csproj", "{A9BF8A0F-CCAE-465B-90D9-831F6171F864}"
EndProject
Global
	GlobalSection(SolutionConfigurationPlatforms) = preSolution
		Debug|Any CPU = Debug|Any CPU
		Debug|Mixed Platforms = Debug|Mixed Platforms
		Debug|x86 = Debug|x86
		Release|Any CPU = Release|Any CPU
		Release|Mixed Platforms = Release|Mixed Platforms
		Release|x86 = Release|x86
	EndGlobalSection
	GlobalSection(ProjectConfigurationPlatforms) = postSolution
		{96A60BDD-98EB-4CC8-99CC-EFA5E29772B7}.Debug|Any CPU.ActiveCfg = Debug|Any CPU
		{96A60BDD-98EB-4CC8-99CC-EFA5E29772B7}.Debug|Any CPU.Build.0 = Debug|Any CPU
		{96A60BDD-98EB-4CC8-99CC-EFA5E29772B7}.Debug|Mixed Platforms.ActiveCfg = Debug|Any CPU
		{96A60BDD-98EB-4CC8-99CC-EFA5E29772B7}.Debug|Mixed Platforms.Build.0 = Debug|Any CPU
		{96A60BDD-98EB-4CC8-99CC-EFA5E29772B7}.Debug|x86.ActiveCfg = Debug|Any CPU
		{96A60BDD-98EB-4CC8-99CC-EFA5E29772B7}.Release|Any CPU.ActiveCfg = Release|Any CPU
		{96A60BDD-98EB-4CC8-99CC-EFA5E29772B7}.Release|Any CPU.Build.0 = Release|Any CPU
		{96A60BDD-98EB-4CC8-99CC-EFA5E29772B7}.Release|Mixed Platforms.ActiveCfg = Release|Any CPU
		{96A60BDD-98EB-4CC8-99CC-EFA5E29772B7}.Release|Mixed Platforms.Build.0 = Release|Any CPU
		{96A60BDD-98EB-4CC8-99CC-EFA5E29772B7}.Release|x86.ActiveCfg = Release|Any CPU
		{DF3A5E95-80CA-4A8F-885F-B5AC12BC1209}.Debug|Any CPU.ActiveCfg = Debug|Any CPU
		{DF3A5E95-80CA-4A8F-885F-B5AC12BC1209}.Debug|Any CPU.Build.0 = Debug|Any CPU
		{DF3A5E95-80CA-4A8F-885F-B5AC12BC1209}.Debug|Mixed Platforms.ActiveCfg = Debug|Any CPU
		{DF3A5E95-80CA-4A8F-885F-B5AC12BC1209}.Debug|Mixed Platforms.Build.0 = Debug|Any CPU
		{DF3A5E95-80CA-4A8F-885F-B5AC12BC1209}.Debug|x86.ActiveCfg = Debug|Any CPU
		{DF3A5E95-80CA-4A8F-885F-B5AC12BC1209}.Release|Any CPU.ActiveCfg = Release|Any CPU
		{DF3A5E95-80CA-4A8F-885F-B5AC12BC1209}.Release|Any CPU.Build.0 = Release|Any CPU
		{DF3A5E95-80CA-4A8F-885F-B5AC12BC1209}.Release|Mixed Platforms.ActiveCfg = Release|Any CPU
		{DF3A5E95-80CA-4A8F-885F-B5AC12BC1209}.Release|Mixed Platforms.Build.0 = Release|Any CPU
		{DF3A5E95-80CA-4A8F-885F-B5AC12BC1209}.Release|x86.ActiveCfg = Release|Any CPU
		{8A25492B-1083-477C-8316-27D5ED1D3AC7}.Debug|Any CPU.ActiveCfg = Debug|Any CPU
		{8A25492B-1083-477C-8316-27D5ED1D3AC7}.Debug|Any CPU.Build.0 = Debug|Any CPU
		{8A25492B-1083-477C-8316-27D5ED1D3AC7}.Debug|Mixed Platforms.ActiveCfg = Debug|Any CPU
		{8A25492B-1083-477C-8316-27D5ED1D3AC7}.Debug|Mixed Platforms.Build.0 = Debug|Any CPU
		{8A25492B-1083-477C-8316-27D5ED1D3AC7}.Debug|x86.ActiveCfg = Debug|Any CPU
		{8A25492B-1083-477C-8316-27D5ED1D3AC7}.Release|Any CPU.ActiveCfg = Release|Any CPU
		{8A25492B-1083-477C-8316-27D5ED1D3AC7}.Release|Any CPU.Build.0 = Release|Any CPU
		{8A25492B-1083-477C-8316-27D5ED1D3AC7}.Release|Mixed Platforms.ActiveCfg = Release|Any CPU
		{8A25492B-1083-477C-8316-27D5ED1D3AC7}.Release|Mixed Platforms.Build.0 = Release|Any CPU
		{8A25492B-1083-477C-8316-27D5ED1D3AC7}.Release|x86.ActiveCfg = Release|Any CPU
		{2C556EA9-259E-49BD-86FC-8C600F2F7C93}.Debug|Any CPU.ActiveCfg = Debug|Any CPU
		{2C556EA9-259E-49BD-86FC-8C600F2F7C93}.Debug|Any CPU.Build.0 = Debug|Any CPU
		{2C556EA9-259E-49BD-86FC-8C600F2F7C93}.Debug|Mixed Platforms.ActiveCfg = Debug|Any CPU
		{2C556EA9-259E-49BD-86FC-8C600F2F7C93}.Debug|Mixed Platforms.Build.0 = Debug|Any CPU
		{2C556EA9-259E-49BD-86FC-8C600F2F7C93}.Debug|x86.ActiveCfg = Debug|Any CPU
		{2C556EA9-259E-49BD-86FC-8C600F2F7C93}.Release|Any CPU.ActiveCfg = Release|Any CPU
		{2C556EA9-259E-49BD-86FC-8C600F2F7C93}.Release|Any CPU.Build.0 = Release|Any CPU
		{2C556EA9-259E-49BD-86FC-8C600F2F7C93}.Release|Mixed Platforms.ActiveCfg = Release|Any CPU
		{2C556EA9-259E-49BD-86FC-8C600F2F7C93}.Release|Mixed Platforms.Build.0 = Release|Any CPU
		{2C556EA9-259E-49BD-86FC-8C600F2F7C93}.Release|x86.ActiveCfg = Release|Any CPU
		{79DDD0CE-6F79-4212-A972-8618AD6E405F}.Debug|Any CPU.ActiveCfg = Debug|Any CPU
		{79DDD0CE-6F79-4212-A972-8618AD6E405F}.Debug|Any CPU.Build.0 = Debug|Any CPU
		{79DDD0CE-6F79-4212-A972-8618AD6E405F}.Debug|Mixed Platforms.ActiveCfg = Debug|Any CPU
		{79DDD0CE-6F79-4212-A972-8618AD6E405F}.Debug|Mixed Platforms.Build.0 = Debug|Any CPU
		{79DDD0CE-6F79-4212-A972-8618AD6E405F}.Debug|x86.ActiveCfg = Debug|Any CPU
		{79DDD0CE-6F79-4212-A972-8618AD6E405F}.Release|Any CPU.ActiveCfg = Release|Any CPU
		{79DDD0CE-6F79-4212-A972-8618AD6E405F}.Release|Any CPU.Build.0 = Release|Any CPU
		{79DDD0CE-6F79-4212-A972-8618AD6E405F}.Release|Mixed Platforms.ActiveCfg = Release|Any CPU
		{79DDD0CE-6F79-4212-A972-8618AD6E405F}.Release|Mixed Platforms.Build.0 = Release|Any CPU
		{79DDD0CE-6F79-4212-A972-8618AD6E405F}.Release|x86.ActiveCfg = Release|Any CPU
		{1469ADE3-649B-4E7B-8772-5C165BB14BE5}.Debug|Any CPU.ActiveCfg = Debug|x86
		{1469ADE3-649B-4E7B-8772-5C165BB14BE5}.Debug|Mixed Platforms.ActiveCfg = Debug|x86
		{1469ADE3-649B-4E7B-8772-5C165BB14BE5}.Debug|Mixed Platforms.Build.0 = Debug|x86
		{1469ADE3-649B-4E7B-8772-5C165BB14BE5}.Debug|x86.ActiveCfg = Debug|x86
		{1469ADE3-649B-4E7B-8772-5C165BB14BE5}.Debug|x86.Build.0 = Debug|x86
		{1469ADE3-649B-4E7B-8772-5C165BB14BE5}.Release|Any CPU.ActiveCfg = Release|x86
		{1469ADE3-649B-4E7B-8772-5C165BB14BE5}.Release|Mixed Platforms.ActiveCfg = Release|x86
		{1469ADE3-649B-4E7B-8772-5C165BB14BE5}.Release|Mixed Platforms.Build.0 = Release|x86
		{1469ADE3-649B-4E7B-8772-5C165BB14BE5}.Release|x86.ActiveCfg = Release|x86
		{1469ADE3-649B-4E7B-8772-5C165BB14BE5}.Release|x86.Build.0 = Release|x86
		{AEB73CAF-CE42-45FA-BFA3-3709819D11D1}.Debug|Any CPU.ActiveCfg = Debug|x86
		{AEB73CAF-CE42-45FA-BFA3-3709819D11D1}.Debug|Mixed Platforms.ActiveCfg = Debug|x86
		{AEB73CAF-CE42-45FA-BFA3-3709819D11D1}.Debug|Mixed Platforms.Build.0 = Debug|x86
		{AEB73CAF-CE42-45FA-BFA3-3709819D11D1}.Debug|x86.ActiveCfg = Debug|x86
		{AEB73CAF-CE42-45FA-BFA3-3709819D11D1}.Debug|x86.Build.0 = Debug|x86
		{AEB73CAF-CE42-45FA-BFA3-3709819D11D1}.Release|Any CPU.ActiveCfg = Release|x86
		{AEB73CAF-CE42-45FA-BFA3-3709819D11D1}.Release|Mixed Platforms.ActiveCfg = Release|x86
		{AEB73CAF-CE42-45FA-BFA3-3709819D11D1}.Release|Mixed Platforms.Build.0 = Release|x86
		{AEB73CAF-CE42-45FA-BFA3-3709819D11D1}.Release|x86.ActiveCfg = Release|x86
		{AEB73CAF-CE42-45FA-BFA3-3709819D11D1}.Release|x86.Build.0 = Release|x86
		{100B55BB-568A-484C-9766-427982315C85}.Debug|Any CPU.ActiveCfg = Debug|Any CPU
		{100B55BB-568A-484C-9766-427982315C85}.Debug|Any CPU.Build.0 = Debug|Any CPU
		{100B55BB-568A-484C-9766-427982315C85}.Debug|Mixed Platforms.ActiveCfg = Debug|Any CPU
		{100B55BB-568A-484C-9766-427982315C85}.Debug|Mixed Platforms.Build.0 = Debug|Any CPU
		{100B55BB-568A-484C-9766-427982315C85}.Debug|x86.ActiveCfg = Debug|Any CPU
		{100B55BB-568A-484C-9766-427982315C85}.Release|Any CPU.ActiveCfg = Release|Any CPU
		{100B55BB-568A-484C-9766-427982315C85}.Release|Any CPU.Build.0 = Release|Any CPU
		{100B55BB-568A-484C-9766-427982315C85}.Release|Mixed Platforms.ActiveCfg = Release|Any CPU
		{100B55BB-568A-484C-9766-427982315C85}.Release|Mixed Platforms.Build.0 = Release|Any CPU
		{100B55BB-568A-484C-9766-427982315C85}.Release|x86.ActiveCfg = Release|Any CPU
		{6A2B5FCC-338A-44B1-B7F9-5E4D5B0F855B}.Debug|Any CPU.ActiveCfg = Debug|x86
		{6A2B5FCC-338A-44B1-B7F9-5E4D5B0F855B}.Debug|Mixed Platforms.ActiveCfg = Debug|x86
		{6A2B5FCC-338A-44B1-B7F9-5E4D5B0F855B}.Debug|Mixed Platforms.Build.0 = Debug|x86
		{6A2B5FCC-338A-44B1-B7F9-5E4D5B0F855B}.Debug|x86.ActiveCfg = Debug|x86
		{6A2B5FCC-338A-44B1-B7F9-5E4D5B0F855B}.Debug|x86.Build.0 = Debug|x86
		{6A2B5FCC-338A-44B1-B7F9-5E4D5B0F855B}.Release|Any CPU.ActiveCfg = Release|x86
		{6A2B5FCC-338A-44B1-B7F9-5E4D5B0F855B}.Release|Mixed Platforms.ActiveCfg = Release|x86
		{6A2B5FCC-338A-44B1-B7F9-5E4D5B0F855B}.Release|Mixed Platforms.Build.0 = Release|x86
		{6A2B5FCC-338A-44B1-B7F9-5E4D5B0F855B}.Release|x86.ActiveCfg = Release|x86
		{6A2B5FCC-338A-44B1-B7F9-5E4D5B0F855B}.Release|x86.Build.0 = Release|x86
		{054B8E2C-1AED-43BD-92B5-4750FFC13CC5}.Debug|Any CPU.ActiveCfg = Debug|Any CPU
		{054B8E2C-1AED-43BD-92B5-4750FFC13CC5}.Debug|Any CPU.Build.0 = Debug|Any CPU
		{054B8E2C-1AED-43BD-92B5-4750FFC13CC5}.Debug|Mixed Platforms.ActiveCfg = Debug|Any CPU
		{054B8E2C-1AED-43BD-92B5-4750FFC13CC5}.Debug|Mixed Platforms.Build.0 = Debug|Any CPU
		{054B8E2C-1AED-43BD-92B5-4750FFC13CC5}.Debug|x86.ActiveCfg = Debug|Any CPU
		{054B8E2C-1AED-43BD-92B5-4750FFC13CC5}.Release|Any CPU.ActiveCfg = Release|Any CPU
		{054B8E2C-1AED-43BD-92B5-4750FFC13CC5}.Release|Any CPU.Build.0 = Release|Any CPU
		{054B8E2C-1AED-43BD-92B5-4750FFC13CC5}.Release|Mixed Platforms.ActiveCfg = Release|Any CPU
		{054B8E2C-1AED-43BD-92B5-4750FFC13CC5}.Release|Mixed Platforms.Build.0 = Release|Any CPU
		{054B8E2C-1AED-43BD-92B5-4750FFC13CC5}.Release|x86.ActiveCfg = Release|Any CPU
		{F164F6EE-1753-4023-9A0E-7891CC71B069}.Debug|Any CPU.ActiveCfg = Debug|Any CPU
		{F164F6EE-1753-4023-9A0E-7891CC71B069}.Debug|Any CPU.Build.0 = Debug|Any CPU
		{F164F6EE-1753-4023-9A0E-7891CC71B069}.Debug|Mixed Platforms.ActiveCfg = Debug|Any CPU
		{F164F6EE-1753-4023-9A0E-7891CC71B069}.Debug|Mixed Platforms.Build.0 = Debug|Any CPU
		{F164F6EE-1753-4023-9A0E-7891CC71B069}.Debug|x86.ActiveCfg = Debug|Any CPU
		{F164F6EE-1753-4023-9A0E-7891CC71B069}.Release|Any CPU.ActiveCfg = Release|Any CPU
		{F164F6EE-1753-4023-9A0E-7891CC71B069}.Release|Any CPU.Build.0 = Release|Any CPU
		{F164F6EE-1753-4023-9A0E-7891CC71B069}.Release|Mixed Platforms.ActiveCfg = Release|Any CPU
		{F164F6EE-1753-4023-9A0E-7891CC71B069}.Release|Mixed Platforms.Build.0 = Release|Any CPU
		{F164F6EE-1753-4023-9A0E-7891CC71B069}.Release|x86.ActiveCfg = Release|Any CPU
		{A9BF8A0F-CCAE-465B-90D9-831F6171F864}.Debug|Any CPU.ActiveCfg = Debug|x86
		{A9BF8A0F-CCAE-465B-90D9-831F6171F864}.Debug|Mixed Platforms.ActiveCfg = Debug|x86
		{A9BF8A0F-CCAE-465B-90D9-831F6171F864}.Debug|Mixed Platforms.Build.0 = Debug|x86
		{A9BF8A0F-CCAE-465B-90D9-831F6171F864}.Debug|x86.ActiveCfg = Debug|x86
		{A9BF8A0F-CCAE-465B-90D9-831F6171F864}.Debug|x86.Build.0 = Debug|x86
		{A9BF8A0F-CCAE-465B-90D9-831F6171F864}.Release|Any CPU.ActiveCfg = Release|x86
		{A9BF8A0F-CCAE-465B-90D9-831F6171F864}.Release|Mixed Platforms.ActiveCfg = Release|x86
		{A9BF8A0F-CCAE-465B-90D9-831F6171F864}.Release|Mixed Platforms.Build.0 = Release|x86
		{A9BF8A0F-CCAE-465B-90D9-831F6171F864}.Release|x86.ActiveCfg = Release|x86
		{A9BF8A0F-CCAE-465B-90D9-831F6171F864}.Release|x86.Build.0 = Release|x86
	EndGlobalSection
	GlobalSection(SolutionProperties) = preSolution
		HideSolutionNode = FALSE
	EndGlobalSection
	GlobalSection(NestedProjects) = preSolution
		{96A60BDD-98EB-4CC8-99CC-EFA5E29772B7} = {1C44C4BE-AE30-478F-918A-A8ABA96CDECB}
		{1469ADE3-649B-4E7B-8772-5C165BB14BE5} = {1C44C4BE-AE30-478F-918A-A8ABA96CDECB}
		{100B55BB-568A-484C-9766-427982315C85} = {1C44C4BE-AE30-478F-918A-A8ABA96CDECB}
		{F164F6EE-1753-4023-9A0E-7891CC71B069} = {1C44C4BE-AE30-478F-918A-A8ABA96CDECB}
		{DF3A5E95-80CA-4A8F-885F-B5AC12BC1209} = {89A334BA-AFF0-46D5-ADE9-E31AA325A25F}
		{8A25492B-1083-477C-8316-27D5ED1D3AC7} = {89A334BA-AFF0-46D5-ADE9-E31AA325A25F}
		{2C556EA9-259E-49BD-86FC-8C600F2F7C93} = {89A334BA-AFF0-46D5-ADE9-E31AA325A25F}
		{AEB73CAF-CE42-45FA-BFA3-3709819D11D1} = {89A334BA-AFF0-46D5-ADE9-E31AA325A25F}
		{6A2B5FCC-338A-44B1-B7F9-5E4D5B0F855B} = {89A334BA-AFF0-46D5-ADE9-E31AA325A25F}
		{054B8E2C-1AED-43BD-92B5-4750FFC13CC5} = {89A334BA-AFF0-46D5-ADE9-E31AA325A25F}
		{A9BF8A0F-CCAE-465B-90D9-831F6171F864} = {89A334BA-AFF0-46D5-ADE9-E31AA325A25F}
		{79DDD0CE-6F79-4212-A972-8618AD6E405F} = {DF774702-0A3D-403B-B1B7-D4E7F614D695}
	EndGlobalSection
EndGlobal
